
Microsoft Visual Studio Solution File, Format Version 12.00
# Visual Studio Version 16
VisualStudioVersion = 16.0.30717.126
MinimumVisualStudioVersion = 10.0.40219.1
Project("{8BC9CEB8-8B4A-11D0-8D11-00A0C91BC942}") = "SelectionSort", "SelectionSort\SelectionSort.vcxproj", "{A0CAD602-A704-4ED7-99B8-7A18B3BA2BCA}"
EndProject
Global
	GlobalSection(SolutionConfigurationPlatforms) = preSolution
		Debug|x64 = Debug|x64
		Debug|x86 = Debug|x86
		Release|x64 = Release|x64
		Release|x86 = Release|x86
	EndGlobalSection
	GlobalSection(ProjectConfigurationPlatforms) = postSolution
		{A0CAD602-A704-4ED7-99B8-7A18B3BA2BCA}.Debug|x64.ActiveCfg = Debug|x64
		{A0CAD602-A704-4ED7-99B8-7A18B3BA2BCA}.Debug|x64.Build.0 = Debug|x64
		{A0CAD602-A704-4ED7-99B8-7A18B3BA2BCA}.Debug|x86.ActiveCfg = Debug|Win32
		{A0CAD602-A704-4ED7-99B8-7A18B3BA2BCA}.Debug|x86.Build.0 = Debug|Win32
		{A0CAD602-A704-4ED7-99B8-7A18B3BA2BCA}.Release|x64.ActiveCfg = Release|x64
		{A0CAD602-A704-4ED7-99B8-7A18B3BA2BCA}.Release|x64.Build.0 = Release|x64
		{A0CAD602-A704-4ED7-99B8-7A18B3BA2BCA}.Release|x86.ActiveCfg = Release|Win32
		{A0CAD602-A704-4ED7-99B8-7A18B3BA2BCA}.Release|x86.Build.0 = Release|Win32
	EndGlobalSection
	GlobalSection(SolutionProperties) = preSolution
		HideSolutionNode = FALSE
	EndGlobalSection
	GlobalSection(ExtensibilityGlobals) = postSolution
		SolutionGuid = {62008198-5B2D-4831-A50C-F68E716207F8}
	EndGlobalSection
EndGlobal
